{
  "name": "New Repo",
  "lockfileVersion": 3,
  "requires": true,
  "packages": {
    "": {
      "dependencies": {
        "bootstrap": "^5.3.3",
        "lightgallery": "^2.7.2",
        "owlcarousel": "^1.3.3"
      }
    },
    "node_modules/@popperjs/core": {
      "version": "2.11.8",
      "resolved": "https://registry.npmjs.org/@popperjs/core/-/core-2.11.8.tgz",
      "integrity": "sha512-P1st0aksCrn9sGZhp8GMYwBnQsbvAWsZAX44oXNNvLHGqAOcoVxmjZiohstwQ7SqKnbR47akdNi+uleWD8+g6A==",
      "peer": true,
      "funding": {
        "type": "opencollective",
        "url": "https://opencollective.com/popperjs"
      }
    },
    "node_modules/bootstrap": {
      "version": "5.3.3",
      "resolved": "https://registry.npmjs.org/bootstrap/-/bootstrap-5.3.3.tgz",
      "integrity": "sha512-8HLCdWgyoMguSO9o+aH+iuZ+aht+mzW0u3HIMzVu7Srrpv7EBBxTnrFlSCskwdY1+EOFQSm7uMJhNQHkdPcmjg==",
      "funding": [
        {
          "type": "github",
          "url": "https://github.com/sponsors/twbs"
        },
        {
          "type": "opencollective",
          "url": "https://opencollective.com/bootstrap"
        }
      ],
      "peerDependencies": {
        "@popperjs/core": "^2.11.8"
      }
    },
    "node_modules/lightgallery": {
      "version": "2.7.2",
      "resolved": "https://registry.npmjs.org/lightgallery/-/lightgallery-2.7.2.tgz",
      "integrity": "sha512-Ewdcg9UPDqV0HGZeD7wNE4uYejwH2u0fMo5VAr6GHzlPYlhItJvjhLTR0cL0V1HjhMsH39PAom9iv69ewitLWw==",
      "engines": {
        "node": ">=6.0.0"
      }
    },
    "node_modules/owlcarousel": {
      "version": "1.3.3",
      "resolved": "https://registry.npmjs.org/owlcarousel/-/owlcarousel-1.3.3.tgz",
      "integrity": "sha512-cu0V80I2bAfbsyWZ9x/M3m9a0g8uRcqedm8AOIbbRVfvlNxDZ6myebzl6MQrqNKv2PPsxMt7wfT+0R/BS+2bow=="
    }
  }
}
